
Microsoft Visual Studio Solution File, Format Version 12.00
Project("{FAE04EC0-301F-11D3-BF4B-00C04F79EFBC}") = "Array", "Array.csproj", "{9669606E-D02A-4745-8788-7A3FC7F177EC}"
EndProject
Global
	GlobalSection(SolutionConfigurationPlatforms) = preSolution
		Debug|Any CPU = Debug|Any CPU
		Release|Any CPU = Release|Any CPU
	EndGlobalSection
	GlobalSection(ProjectConfigurationPlatforms) = postSolution
		{9669606E-D02A-4745-8788-7A3FC7F177EC}.Debug|Any CPU.ActiveCfg = Debug|Any CPU
		{9669606E-D02A-4745-8788-7A3FC7F177EC}.Debug|Any CPU.Build.0 = Debug|Any CPU
		{9669606E-D02A-4745-8788-7A3FC7F177EC}.Release|Any CPU.ActiveCfg = Release|Any CPU
		{9669606E-D02A-4745-8788-7A3FC7F177EC}.Release|Any CPU.Build.0 = Release|Any CPU
	EndGlobalSection
EndGlobal
