
Microsoft Visual Studio Solution File, Format Version 12.00
Project("{FAE04EC0-301F-11D3-BF4B-00C04F79EFBC}") = "TryAndCatch", "TryAndCatch\TryAndCatch.csproj", "{C59F2CC3-70F2-4203-9C98-2AF6C1D81EE8}"
EndProject
Global
	GlobalSection(SolutionConfigurationPlatforms) = preSolution
		Debug|Any CPU = Debug|Any CPU
		Release|Any CPU = Release|Any CPU
	EndGlobalSection
	GlobalSection(ProjectConfigurationPlatforms) = postSolution
		{C59F2CC3-70F2-4203-9C98-2AF6C1D81EE8}.Debug|Any CPU.ActiveCfg = Debug|Any CPU
		{C59F2CC3-70F2-4203-9C98-2AF6C1D81EE8}.Debug|Any CPU.Build.0 = Debug|Any CPU
		{C59F2CC3-70F2-4203-9C98-2AF6C1D81EE8}.Release|Any CPU.ActiveCfg = Release|Any CPU
		{C59F2CC3-70F2-4203-9C98-2AF6C1D81EE8}.Release|Any CPU.Build.0 = Release|Any CPU
	EndGlobalSection
EndGlobal
