
Microsoft Visual Studio Solution File, Format Version 12.00
Project("{FAE04EC0-301F-11D3-BF4B-00C04F79EFBC}") = "ArrayList", "ArrayList.csproj", "{0B662301-CA9C-4288-908F-7FAB5F283C54}"
EndProject
Global
	GlobalSection(SolutionConfigurationPlatforms) = preSolution
		Debug|Any CPU = Debug|Any CPU
		Release|Any CPU = Release|Any CPU
	EndGlobalSection
	GlobalSection(ProjectConfigurationPlatforms) = postSolution
		{0B662301-CA9C-4288-908F-7FAB5F283C54}.Debug|Any CPU.ActiveCfg = Debug|Any CPU
		{0B662301-CA9C-4288-908F-7FAB5F283C54}.Debug|Any CPU.Build.0 = Debug|Any CPU
		{0B662301-CA9C-4288-908F-7FAB5F283C54}.Release|Any CPU.ActiveCfg = Release|Any CPU
		{0B662301-CA9C-4288-908F-7FAB5F283C54}.Release|Any CPU.Build.0 = Release|Any CPU
	EndGlobalSection
EndGlobal
